
Microsoft Visual Studio Solution File, Format Version 12.00
# Visual Studio Version 17
VisualStudioVersion = 17.11.35219.272
MinimumVisualStudioVersion = 10.0.40219.1
Project("{9A19103F-16F7-4668-BE54-9A1E7A4F7556}") = "ObligatoriskOpgave_Del1_Del2", "ObligatoriskOpgave1\ObligatoriskOpgave_Del1_Del2.csproj", "{B0EBA5DE-39FA-451F-838C-3146E8357408}"
EndProject
Project("{9A19103F-16F7-4668-BE54-9A1E7A4F7556}") = "TrophyTest", "TrophyTest\TrophyTest.csproj", "{35C91707-1957-40A9-A4E9-7B710F20C724}"
EndProject
Global
	GlobalSection(SolutionConfigurationPlatforms) = preSolution
		Debug|Any CPU = Debug|Any CPU
		Release|Any CPU = Release|Any CPU
	EndGlobalSection
	GlobalSection(ProjectConfigurationPlatforms) = postSolution
		{B0EBA5DE-39FA-451F-838C-3146E8357408}.Debug|Any CPU.ActiveCfg = Debug|Any CPU
		{B0EBA5DE-39FA-451F-838C-3146E8357408}.Debug|Any CPU.Build.0 = Debug|Any CPU
		{B0EBA5DE-39FA-451F-838C-3146E8357408}.Release|Any CPU.ActiveCfg = Release|Any CPU
		{B0EBA5DE-39FA-451F-838C-3146E8357408}.Release|Any CPU.Build.0 = Release|Any CPU
		{35C91707-1957-40A9-A4E9-7B710F20C724}.Debug|Any CPU.ActiveCfg = Debug|Any CPU
		{35C91707-1957-40A9-A4E9-7B710F20C724}.Debug|Any CPU.Build.0 = Debug|Any CPU
		{35C91707-1957-40A9-A4E9-7B710F20C724}.Release|Any CPU.ActiveCfg = Release|Any CPU
		{35C91707-1957-40A9-A4E9-7B710F20C724}.Release|Any CPU.Build.0 = Release|Any CPU
	EndGlobalSection
	GlobalSection(SolutionProperties) = preSolution
		HideSolutionNode = FALSE
	EndGlobalSection
	GlobalSection(ExtensibilityGlobals) = postSolution
		SolutionGuid = {3217E3C8-8CF6-4715-B64A-4E01951AF3A0}
	EndGlobalSection
EndGlobal
